<?xml version="1.0" encoding="utf-8"?>
<Project ToolsVersion="4.0" xmlns="http://schemas.microsoft.com/developer/msbuild/2003">
  <ItemGroup>
    <Filter Include="리소스 파일">
      <UniqueIdentifier>{67DA6AB6-F800-4c08-8B7A-83BB121AAD01}</UniqueIdentifier>
      <Extensions>rc;ico;cur;bmp;dlg;rc2;rct;bin;rgs;gif;jpg;jpeg;jpe;resx;tiff;tif;png;wav;mfcribbon-ms</Extensions>
    </Filter>
    <Filter Include="99.default">
      <UniqueIdentifier>{4FC737F1-C7A5-4376-A066-2A32D752A2FF}</UniqueIdentifier>
      <Extensions>cpp;c;cc;cxx;def;odl;idl;hpj;bat;asm;asmx</Extensions>
    </Filter>
    <Filter Include="98.headers">
      <UniqueIdentifier>{93995380-89BD-4b04-88EB-625FBE52EBFB}</UniqueIdentifier>
      <Extensions>h;hh;hpp;hxx;hm;inl;inc;xsd</Extensions>
    </Filter>
    <Filter Include="00.Main">
      <UniqueIdentifier>{14c5f81c-e0cb-4ea3-9d37-b82267e063f9}</UniqueIdentifier>
    </Filter>
    <Filter Include="01.OBJ">
      <UniqueIdentifier>{96f111ae-ddff-42bc-82ab-12d84ae34ab2}</UniqueIdentifier>
    </Filter>
    <Filter Include="97.Manager">
      <UniqueIdentifier>{d7a1effa-a48d-4f30-835a-2009a0460dff}</UniqueIdentifier>
    </Filter>
    <Filter Include="98.headers\00.UserHeader">
      <UniqueIdentifier>{7828ab19-dd19-4a90-8f21-a5f925c01eb5}</UniqueIdentifier>
    </Filter>
    <Filter Include="97.Manager\01.KeyManager">
      <UniqueIdentifier>{978b975f-10a0-46d9-9e71-a772a4fd52b0}</UniqueIdentifier>
    </Filter>
    <Filter Include="01.OBJ\01.Player">
      <UniqueIdentifier>{fadd65bb-047a-4945-9495-f0e2f43a0db7}</UniqueIdentifier>
    </Filter>
    <Filter Include="01.OBJ\00.BackGround">
      <UniqueIdentifier>{4cc768bf-2f60-44c8-94bb-c4fa79e200e1}</UniqueIdentifier>
    </Filter>
    <Filter Include="97.Manager\03.SoundManager">
      <UniqueIdentifier>{276bea95-1912-4358-b0de-e0a9724cc5fe}</UniqueIdentifier>
    </Filter>
    <Filter Include="97.Manager\02.ImageManager">
      <UniqueIdentifier>{274900ae-1d19-4a6f-ba56-10563942310d}</UniqueIdentifier>
    </Filter>
    <Filter Include="97.Manager\04.MediatorPattern">
      <UniqueIdentifier>{7fb8b4f3-365c-4a38-ba8f-083156fdeb80}</UniqueIdentifier>
    </Filter>
    <Filter Include="97.Manager\00.AbstractPattern">
      <UniqueIdentifier>{2dcfdf6c-ff87-4dfa-8acb-ef57b87610a1}</UniqueIdentifier>
    </Filter>
    <Filter Include="97.Manager\06.CollisionManager">
      <UniqueIdentifier>{ec7a8c9b-3e18-4779-b972-6cab0a568a7a}</UniqueIdentifier>
    </Filter>
    <Filter Include="97.Manager\07.MathManager">
      <UniqueIdentifier>{caeadc87-adc9-4140-8a86-1ddfaf06af4f}</UniqueIdentifier>
    </Filter>
    <Filter Include="97.Manager\08.LineManager">
      <UniqueIdentifier>{1a678261-df38-460b-bd6c-2a0f48d883b7}</UniqueIdentifier>
    </Filter>
    <Filter Include="97.Manager\08.LineManager\00.Line">
      <UniqueIdentifier>{ca407299-7a51-4c9c-9295-2627f986c728}</UniqueIdentifier>
    </Filter>
    <Filter Include="97.Manager\09.ScrollManager">
      <UniqueIdentifier>{4fe9b1d3-7640-4448-9625-b38e7e61a1fd}</UniqueIdentifier>
    </Filter>
    <Filter Include="01.OBJ\02.Mouse">
      <UniqueIdentifier>{251d1c0b-ce3c-4f26-92d1-8391736f0ac4}</UniqueIdentifier>
    </Filter>
    <Filter Include="97.Manager\10.SceneManager">
      <UniqueIdentifier>{9f09a8c0-60f9-40bb-b02b-d1dce0aa54bd}</UniqueIdentifier>
    </Filter>
    <Filter Include="97.Manager\10.SceneManager\01.Scene">
      <UniqueIdentifier>{7a98618f-8de1-4247-9ccb-d18f912777d4}</UniqueIdentifier>
    </Filter>
    <Filter Include="01.OBJ\03.Things">
      <UniqueIdentifier>{8aa8a76c-2308-4368-bdad-5c7840f73ad7}</UniqueIdentifier>
    </Filter>
    <Filter Include="97.Manager\10.SceneManager\02.Logo">
      <UniqueIdentifier>{610b8351-0c30-40bf-ba63-27262ac1a88b}</UniqueIdentifier>
    </Filter>
    <Filter Include="97.Manager\10.SceneManager\03.Load">
      <UniqueIdentifier>{49a7a8dc-160d-44c2-b4ed-526cd4466aba}</UniqueIdentifier>
    </Filter>
    <Filter Include="97.Manager\10.SceneManager\04.Coin">
      <UniqueIdentifier>{ee7de89e-67c3-4c4b-968c-bed268b67442}</UniqueIdentifier>
    </Filter>
    <Filter Include="97.Manager\10.SceneManager\06.Stage">
      <UniqueIdentifier>{e0fcba18-c33b-4d49-8f6f-1cafd5b74ee9}</UniqueIdentifier>
    </Filter>
    <Filter Include="97.Manager\10.SceneManager\07.Ending">
      <UniqueIdentifier>{a9f4ee9b-edf4-4a16-a049-54264279db57}</UniqueIdentifier>
    </Filter>
    <Filter Include="97.Manager\10.SceneManager\08.End">
      <UniqueIdentifier>{a63a76f6-8685-47c6-9191-c6ec11c96878}</UniqueIdentifier>
    </Filter>
    <Filter Include="97.Manager\10.SceneManager\05.Selec">
      <UniqueIdentifier>{fcaf2faf-31c4-466a-8de6-d5f55006ba0a}</UniqueIdentifier>
    </Filter>
    <Filter Include="01.OBJ\04.Monster">
      <UniqueIdentifier>{7b276791-eeef-415e-afe6-8b6029f39eca}</UniqueIdentifier>
    </Filter>
    <Filter Include="01.OBJ\01.Player\00.PlayerStateManager">
      <UniqueIdentifier>{04ce6f07-10bf-420e-814f-a2f4e24b45c8}</UniqueIdentifier>
    </Filter>
    <Filter Include="01.OBJ\01.Player\00.PlayerStateManager\00.StandState">
      <UniqueIdentifier>{d9178bf1-2f96-487d-a7f0-52f903fe260e}</UniqueIdentifier>
    </Filter>
    <Filter Include="01.OBJ\01.Player\00.PlayerStateManager\01.AbstractState">
      <UniqueIdentifier>{6620f116-3528-46dc-b684-c3b900353de3}</UniqueIdentifier>
    </Filter>
    <Filter Include="01.OBJ\01.Player\00.PlayerStateManager\03.Leg">
      <UniqueIdentifier>{bacfd759-0dad-4e3b-80eb-65b72a219341}</UniqueIdentifier>
    </Filter>
    <Filter Include="01.OBJ\01.Player\00.PlayerStateManager\02.WalkState">
      <UniqueIdentifier>{d4fc1bdd-2b48-444e-afda-6e4566c39ec2}</UniqueIdentifier>
    </Filter>
    <Filter Include="01.OBJ\01.Player\00.PlayerStateManager\04.JumpState">
      <UniqueIdentifier>{ed6a36d7-96e7-4764-b0fd-dc5be7bd8ccd}</UniqueIdentifier>
    </Filter>
    <Filter Include="01.OBJ\01.Player\00.PlayerStateManager\05.Attack">
      <UniqueIdentifier>{69a99c06-d878-4457-9e80-ebd1b130353a}</UniqueIdentifier>
    </Filter>
    <Filter Include="01.OBJ\05.Bullet">
      <UniqueIdentifier>{19ad48b5-f71b-467b-b7a8-ad46946cf801}</UniqueIdentifier>
    </Filter>
    <Filter Include="97.Manager\05.PatternManager">
      <UniqueIdentifier>{051c821a-6fa5-468f-ae5e-3d8a02d1e508}</UniqueIdentifier>
    </Filter>
    <Filter Include="01.OBJ\01.Player\00.PlayerStateManager\06.Sitdown">
      <UniqueIdentifier>{96419967-9dca-4ed3-b2f8-b609c580ad63}</UniqueIdentifier>
    </Filter>
    <Filter Include="97.Manager\08.LineManager\01.Mline">
      <UniqueIdentifier>{9b94b89a-0855-44c1-b54e-83c2f968ecbd}</UniqueIdentifier>
    </Filter>
    <Filter Include="01.OBJ\04.Monster\00.MonsterStateManager">
      <UniqueIdentifier>{cec92c1a-a074-4a10-910a-dc72a26e7364}</UniqueIdentifier>
    </Filter>
    <Filter Include="01.OBJ\04.Monster\00.MonsterStateManager\00.Babarian">
      <UniqueIdentifier>{6d68c3d7-2d62-4369-9392-53a42087f97a}</UniqueIdentifier>
    </Filter>
    <Filter Include="01.OBJ\04.Monster\00.MonsterStateManager\01.BerserkMboss">
      <UniqueIdentifier>{e539047d-503b-4e8f-a355-809da3f1f362}</UniqueIdentifier>
    </Filter>
    <Filter Include="01.OBJ\04.Monster\00.MonsterStateManager\02.Truck">
      <UniqueIdentifier>{b6da4311-24e9-4b06-960a-d557a80fae21}</UniqueIdentifier>
    </Filter>
    <Filter Include="01.OBJ\04.Monster\00.MonsterStateManager\03.Bsk">
      <UniqueIdentifier>{abfc653d-b647-4b23-a214-ccca6c8898e5}</UniqueIdentifier>
    </Filter>
    <Filter Include="01.OBJ\04.Monster\00.MonsterStateManager\04.SamBody">
      <UniqueIdentifier>{a75a8c53-4cd0-4d3e-944e-334a1357ad63}</UniqueIdentifier>
    </Filter>
    <Filter Include="01.OBJ\04.Monster\00.MonsterStateManager\04.SamBody\00.Left">
      <UniqueIdentifier>{c5f629e6-0fc0-4c68-b8dd-5b9925f608a3}</UniqueIdentifier>
    </Filter>
    <Filter Include="01.OBJ\04.Monster\00.MonsterStateManager\04.SamBody\01.right">
      <UniqueIdentifier>{36d05341-5046-42d3-ae1b-bb93f9f55848}</UniqueIdentifier>
    </Filter>
    <Filter Include="01.OBJ\04.Monster\00.MonsterStateManager\04.SamBody\02.center">
      <UniqueIdentifier>{bbea8f35-27df-42ed-ba0e-0eeca02e9cc0}</UniqueIdentifier>
    </Filter>
    <Filter Include="01.OBJ\04.Monster\00.MonsterStateManager\04.SamBody\03.door">
      <UniqueIdentifier>{acb1d367-ec92-4e21-acdb-ada0f87316b1}</UniqueIdentifier>
    </Filter>
    <Filter Include="01.OBJ\04.Monster\00.MonsterStateManager\04.SamBody\04.Soldier">
      <UniqueIdentifier>{c796ed63-7e42-4acd-88e8-5fc33d011c8e}</UniqueIdentifier>
    </Filter>
    <Filter Include="01.OBJ\04.Monster\00.MonsterStateManager\04.SamBody\05.Effect">
      <UniqueIdentifier>{a2f5c321-3bfb-4351-bbd0-2ee7a7c35a18}</UniqueIdentifier>
    </Filter>
    <Filter Include="01.OBJ\04.Monster\00.MonsterStateManager\05.hell">
      <UniqueIdentifier>{00064e84-c47f-4348-9560-9d3a24b50a04}</UniqueIdentifier>
    </Filter>
    <Filter Include="01.OBJ\04.Monster\00.MonsterStateManager\06.boss">
      <UniqueIdentifier>{f5af0de2-9fb6-4765-a225-2c3042e3f81d}</UniqueIdentifier>
    </Filter>
    <Filter Include="01.OBJ\04.Monster\00.MonsterStateManager\06.boss\00.left">
      <UniqueIdentifier>{96c99984-c59e-43f2-aa7f-ea69c81c317c}</UniqueIdentifier>
    </Filter>
    <Filter Include="01.OBJ\04.Monster\00.MonsterStateManager\06.boss\01.right">
      <UniqueIdentifier>{7c7359ec-5660-4733-98c5-99ea86fbf799}</UniqueIdentifier>
    </Filter>
    <Filter Include="01.OBJ\04.Monster\00.MonsterStateManager\06.boss\02.top">
      <UniqueIdentifier>{ad3683c2-5a14-4b4c-a9e8-bf1219dcff1e}</UniqueIdentifier>
    </Filter>
    <Filter Include="01.OBJ\06.UI">
      <UniqueIdentifier>{fdf42fd0-4697-4103-adf0-617eb16bba5a}</UniqueIdentifier>
    </Filter>
    <Filter Include="01.OBJ\01.Player\00.PlayerStateManager\07.die">
      <UniqueIdentifier>{92de5d36-0fdc-4f48-b146-fd78dbed29e6}</UniqueIdentifier>
    </Filter>
    <Filter Include="01.OBJ\01.Player\00.PlayerStateManager\08.pick">
      <UniqueIdentifier>{64f00636-3e84-4a9d-b660-70950de9003e}</UniqueIdentifier>
    </Filter>
    <Filter Include="01.OBJ\01.Player\00.PlayerStateManager\00.StandState\00.heavy">
      <UniqueIdentifier>{40972b97-b989-4f4f-ab8c-c94e27820314}</UniqueIdentifier>
    </Filter>
    <Filter Include="01.OBJ\01.Player\00.PlayerStateManager\00.StandState\01.base">
      <UniqueIdentifier>{81a8ea4a-bb2f-4456-b3ab-0d0c5b3278d8}</UniqueIdentifier>
    </Filter>
    <Filter Include="01.OBJ\07.ITEM">
      <UniqueIdentifier>{22febed7-b1b0-4d2e-ada0-dd4c294c07d0}</UniqueIdentifier>
    </Filter>
    <Filter Include="01.OBJ\01.Player\00.PlayerStateManager\02.WalkState\00.heavy">
      <UniqueIdentifier>{045b08b3-930d-40e6-8245-47491bcab3b9}</UniqueIdentifier>
    </Filter>
    <Filter Include="01.OBJ\01.Player\00.PlayerStateManager\04.JumpState\00.heavy">
      <UniqueIdentifier>{8545f4d7-3a12-4c82-9667-a057c5743433}</UniqueIdentifier>
    </Filter>
    <Filter Include="01.OBJ\01.Player\00.PlayerStateManager\06.Sitdown\00.heavy">
      <UniqueIdentifier>{9b31af09-2a02-45c4-b18f-22bf27de2bfd}</UniqueIdentifier>
    </Filter>
    <Filter Include="01.OBJ\01.Player\00.PlayerStateManager\05.Attack\00.heavy">
      <UniqueIdentifier>{5d1fea4a-5c91-4d51-bcf5-c6546bcb9a3a}</UniqueIdentifier>
    </Filter>
    <Filter Include="01.OBJ\01.Player\00.PlayerStateManager\09.stdup">
      <UniqueIdentifier>{0f4e8935-edb4-4783-8245-321b86e5e3d9}</UniqueIdentifier>
    </Filter>
  </ItemGroup>
  <ItemGroup>
    <Text Include="ReadMe.txt" />
  </ItemGroup>
  <ItemGroup>
    <ClInclude Include="stdafx.h">
      <Filter>98.headers</Filter>
    </ClInclude>
    <ClInclude Include="targetver.h">
      <Filter>98.headers</Filter>
    </ClInclude>
    <ClInclude Include="resource.h">
      <Filter>98.headers</Filter>
    </ClInclude>
    <ClInclude Include="Client.h">
      <Filter>98.headers</Filter>
    </ClInclude>
    <ClInclude Include="MainGame.h">
      <Filter>00.Main</Filter>
    </ClInclude>
    <ClInclude Include="Obj.h">
      <Filter>01.OBJ</Filter>
    </ClInclude>
    <ClInclude Include="Player.h">
      <Filter>01.OBJ\01.Player</Filter>
    </ClInclude>
    <ClInclude Include="AbstractManager.h">
      <Filter>97.Manager\00.AbstractPattern</Filter>
    </ClInclude>
    <ClInclude Include="Define.h">
      <Filter>98.headers\00.UserHeader</Filter>
    </ClInclude>
    <ClInclude Include="Extern.h">
      <Filter>98.headers\00.UserHeader</Filter>
    </ClInclude>
    <ClInclude Include="Includes.h">
      <Filter>98.headers\00.UserHeader</Filter>
    </ClInclude>
    <ClInclude Include="Structure.h">
      <Filter>98.headers\00.UserHeader</Filter>
    </ClInclude>
    <ClInclude Include="Managers.h">
      <Filter>98.headers\00.UserHeader</Filter>
    </ClInclude>
    <ClInclude Include="KeyManager.h">
      <Filter>97.Manager\01.KeyManager</Filter>
    </ClInclude>
    <ClInclude Include="Enum.h">
      <Filter>98.headers\00.UserHeader</Filter>
    </ClInclude>
    <ClInclude Include="ImageManager.h">
      <Filter>97.Manager\02.ImageManager</Filter>
    </ClInclude>
    <ClInclude Include="BackGround.h">
      <Filter>01.OBJ\00.BackGround</Filter>
    </ClInclude>
    <ClInclude Include="Typedef.h">
      <Filter>98.headers\00.UserHeader</Filter>
    </ClInclude>
    <ClInclude Include="ObjManager.h">
      <Filter>97.Manager\04.MediatorPattern</Filter>
    </ClInclude>
    <ClInclude Include="StateManager.h">
      <Filter>01.OBJ\01.Player\00.PlayerStateManager</Filter>
    </ClInclude>
    <ClInclude Include="StateContext.h">
      <Filter>01.OBJ\01.Player\00.PlayerStateManager</Filter>
    </ClInclude>
    <ClInclude Include="States.h">
      <Filter>98.headers\00.UserHeader</Filter>
    </ClInclude>
    <ClInclude Include="AbstStateManager.h">
      <Filter>01.OBJ\01.Player\00.PlayerStateManager\01.AbstractState</Filter>
    </ClInclude>
    <ClInclude Include="CollisionManager.h">
      <Filter>97.Manager\06.CollisionManager</Filter>
    </ClInclude>
    <ClInclude Include="MathMgr.h">
      <Filter>97.Manager\07.MathManager</Filter>
    </ClInclude>
    <ClInclude Include="Line.h">
      <Filter>97.Manager\08.LineManager\00.Line</Filter>
    </ClInclude>
    <ClInclude Include="functionary.h">
      <Filter>98.headers\00.UserHeader</Filter>
    </ClInclude>
    <ClInclude Include="ScrollMgr.h">
      <Filter>97.Manager\09.ScrollManager</Filter>
    </ClInclude>
    <ClInclude Include="LineMgr.h">
      <Filter>97.Manager\08.LineManager</Filter>
    </ClInclude>
    <ClInclude Include="StdLeg.h">
      <Filter>01.OBJ\01.Player\00.PlayerStateManager\03.Leg</Filter>
    </ClInclude>
    <ClInclude Include="Mouse.h">
      <Filter>01.OBJ\02.Mouse</Filter>
    </ClInclude>
    <ClInclude Include="SceneMgr.h">
      <Filter>97.Manager\10.SceneManager</Filter>
    </ClInclude>
    <ClInclude Include="Scene.h">
      <Filter>97.Manager\10.SceneManager\01.Scene</Filter>
    </ClInclude>
    <ClInclude Include="Things.h">
      <Filter>01.OBJ\03.Things</Filter>
    </ClInclude>
    <ClInclude Include="Logo.h">
      <Filter>97.Manager\10.SceneManager\02.Logo</Filter>
    </ClInclude>
    <ClInclude Include="Select.h">
      <Filter>97.Manager\10.SceneManager\05.Selec</Filter>
    </ClInclude>
    <ClInclude Include="Stage_01.h">
      <Filter>97.Manager\10.SceneManager\06.Stage</Filter>
    </ClInclude>
    <ClInclude Include="StdLegLeft.h">
      <Filter>01.OBJ\01.Player\00.PlayerStateManager\03.Leg</Filter>
    </ClInclude>
    <ClInclude Include="StWalkBodyR.h">
      <Filter>01.OBJ\01.Player\00.PlayerStateManager\02.WalkState</Filter>
    </ClInclude>
    <ClInclude Include="StWalkBodyL.h">
      <Filter>01.OBJ\01.Player\00.PlayerStateManager\02.WalkState</Filter>
    </ClInclude>
    <ClInclude Include="Monster.h">
      <Filter>01.OBJ\04.Monster</Filter>
    </ClInclude>
    <ClInclude Include="JmpBodyR.h">
      <Filter>01.OBJ\01.Player\00.PlayerStateManager\04.JumpState</Filter>
    </ClInclude>
    <ClInclude Include="JmpBodyL.h">
      <Filter>01.OBJ\01.Player\00.PlayerStateManager\04.JumpState</Filter>
    </ClInclude>
    <ClInclude Include="StWalkLegL.h">
      <Filter>01.OBJ\01.Player\00.PlayerStateManager\02.WalkState</Filter>
    </ClInclude>
    <ClInclude Include="StWalkLegR.h">
      <Filter>01.OBJ\01.Player\00.PlayerStateManager\02.WalkState</Filter>
    </ClInclude>
    <ClInclude Include="JmpLegR.h">
      <Filter>01.OBJ\01.Player\00.PlayerStateManager\04.JumpState</Filter>
    </ClInclude>
    <ClInclude Include="JmpLegL.h">
      <Filter>01.OBJ\01.Player\00.PlayerStateManager\04.JumpState</Filter>
    </ClInclude>
    <ClInclude Include="StAtkBodyR.h">
      <Filter>01.OBJ\01.Player\00.PlayerStateManager\05.Attack</Filter>
    </ClInclude>
    <ClInclude Include="StAtkBodyL.h">
      <Filter>01.OBJ\01.Player\00.PlayerStateManager\05.Attack</Filter>
    </ClInclude>
    <ClInclude Include="Bullet.h">
      <Filter>01.OBJ\05.Bullet</Filter>
    </ClInclude>
    <ClInclude Include="Pattern.h">
      <Filter>97.Manager\05.PatternManager</Filter>
    </ClInclude>
    <ClInclude Include="StUpAtkBodyR.h">
      <Filter>01.OBJ\01.Player\00.PlayerStateManager\05.Attack</Filter>
    </ClInclude>
    <ClInclude Include="StUpAtkBodyL.h">
      <Filter>01.OBJ\01.Player\00.PlayerStateManager\05.Attack</Filter>
    </ClInclude>
    <ClInclude Include="Sitdown.h">
      <Filter>01.OBJ\01.Player\00.PlayerStateManager\06.Sitdown</Filter>
    </ClInclude>
    <ClInclude Include="Mline.h">
      <Filter>97.Manager\08.LineManager\01.Mline</Filter>
    </ClInclude>
    <ClInclude Include="MonsterKind.h">
      <Filter>01.OBJ\04.Monster\00.MonsterStateManager</Filter>
    </ClInclude>
    <ClInclude Include="BabarianBase.h">
      <Filter>01.OBJ\04.Monster\00.MonsterStateManager\00.Babarian</Filter>
    </ClInclude>
    <ClInclude Include="BerserkMboss.h">
      <Filter>01.OBJ\04.Monster\00.MonsterStateManager\01.BerserkMboss</Filter>
    </ClInclude>
    <ClInclude Include="Truck.h">
      <Filter>01.OBJ\04.Monster\00.MonsterStateManager\02.Truck</Filter>
    </ClInclude>
    <ClInclude Include="Basaka.h">
      <Filter>01.OBJ\04.Monster\00.MonsterStateManager\03.Bsk</Filter>
    </ClInclude>
    <ClInclude Include="SamBody.h">
      <Filter>01.OBJ\04.Monster\00.MonsterStateManager\04.SamBody</Filter>
    </ClInclude>
    <ClInclude Include="SamL.h">
      <Filter>01.OBJ\04.Monster\00.MonsterStateManager\04.SamBody\00.Left</Filter>
    </ClInclude>
    <ClInclude Include="SamSol.h">
      <Filter>01.OBJ\04.Monster\00.MonsterStateManager\04.SamBody\04.Soldier</Filter>
    </ClInclude>
    <ClInclude Include="SamD.h">
      <Filter>01.OBJ\04.Monster\00.MonsterStateManager\04.SamBody\03.door</Filter>
    </ClInclude>
    <ClInclude Include="SamR.h">
      <Filter>01.OBJ\04.Monster\00.MonsterStateManager\04.SamBody\01.right</Filter>
    </ClInclude>
    <ClInclude Include="SamC.h">
      <Filter>01.OBJ\04.Monster\00.MonsterStateManager\04.SamBody\02.center</Filter>
    </ClInclude>
    <ClInclude Include="SamBdoor.h">
      <Filter>01.OBJ\04.Monster\00.MonsterStateManager\04.SamBody\05.Effect</Filter>
    </ClInclude>
    <ClInclude Include="Hell.h">
      <Filter>01.OBJ\04.Monster\00.MonsterStateManager\05.hell</Filter>
    </ClInclude>
    <ClInclude Include="BossBody.h">
      <Filter>01.OBJ\04.Monster\00.MonsterStateManager\06.boss</Filter>
    </ClInclude>
    <ClInclude Include="BossL.h">
      <Filter>01.OBJ\04.Monster\00.MonsterStateManager\06.boss\00.left</Filter>
    </ClInclude>
    <ClInclude Include="BossR.h">
      <Filter>01.OBJ\04.Monster\00.MonsterStateManager\06.boss\01.right</Filter>
    </ClInclude>
    <ClInclude Include="BossT.h">
      <Filter>01.OBJ\04.Monster\00.MonsterStateManager\06.boss\02.top</Filter>
    </ClInclude>
    <ClInclude Include="Ending.h">
      <Filter>97.Manager\10.SceneManager\07.Ending</Filter>
    </ClInclude>
    <ClInclude Include="SoundMgr.h">
      <Filter>97.Manager\03.SoundManager</Filter>
    </ClInclude>
    <ClInclude Include="Load.h">
      <Filter>97.Manager\10.SceneManager\03.Load</Filter>
    </ClInclude>
    <ClInclude Include="UI.h">
      <Filter>01.OBJ\06.UI</Filter>
    </ClInclude>
    <ClInclude Include="SitdownAtk.h">
      <Filter>01.OBJ\01.Player\00.PlayerStateManager\06.Sitdown</Filter>
    </ClInclude>
    <ClInclude Include="SitdownL.h">
      <Filter>01.OBJ\01.Player\00.PlayerStateManager\06.Sitdown</Filter>
    </ClInclude>
    <ClInclude Include="SitdownMoveR.h">
      <Filter>01.OBJ\01.Player\00.PlayerStateManager\06.Sitdown</Filter>
    </ClInclude>
    <ClInclude Include="SitdownMoveL.h">
      <Filter>01.OBJ\01.Player\00.PlayerStateManager\06.Sitdown</Filter>
    </ClInclude>
    <ClInclude Include="SitdownAtkL.h">
      <Filter>01.OBJ\01.Player\00.PlayerStateManager\06.Sitdown</Filter>
    </ClInclude>
    <ClInclude Include="Bomb.h">
      <Filter>01.OBJ\05.Bullet</Filter>
    </ClInclude>
    <ClInclude Include="StdDie.h">
      <Filter>01.OBJ\01.Player\00.PlayerStateManager\07.die</Filter>
    </ClInclude>
    <ClInclude Include="Pick.h">
      <Filter>01.OBJ\01.Player\00.PlayerStateManager\08.pick</Filter>
    </ClInclude>
    <ClInclude Include="BombBodyL.h">
      <Filter>01.OBJ\01.Player\00.PlayerStateManager\00.StandState\01.base</Filter>
    </ClInclude>
    <ClInclude Include="BombBodyR.h">
      <Filter>01.OBJ\01.Player\00.PlayerStateManager\00.StandState\01.base</Filter>
    </ClInclude>
    <ClInclude Include="StBodyL.h">
      <Filter>01.OBJ\01.Player\00.PlayerStateManager\00.StandState\01.base</Filter>
    </ClInclude>
    <ClInclude Include="StBodyR.h">
      <Filter>01.OBJ\01.Player\00.PlayerStateManager\00.StandState\01.base</Filter>
    </ClInclude>
    <ClInclude Include="StUpBodyL.h">
      <Filter>01.OBJ\01.Player\00.PlayerStateManager\00.StandState\01.base</Filter>
    </ClInclude>
    <ClInclude Include="StUpBodyR.h">
      <Filter>01.OBJ\01.Player\00.PlayerStateManager\00.StandState\01.base</Filter>
    </ClInclude>
    <ClInclude Include="Item.h">
      <Filter>01.OBJ\07.ITEM</Filter>
    </ClInclude>
    <ClInclude Include="StHBodyR.h">
      <Filter>01.OBJ\01.Player\00.PlayerStateManager\00.StandState\00.heavy</Filter>
    </ClInclude>
    <ClInclude Include="StHBodyL.h">
      <Filter>01.OBJ\01.Player\00.PlayerStateManager\00.StandState\00.heavy</Filter>
    </ClInclude>
    <ClInclude Include="WlkHBodyR.h">
      <Filter>01.OBJ\01.Player\00.PlayerStateManager\02.WalkState\00.heavy</Filter>
    </ClInclude>
    <ClInclude Include="WlkHBodyL.h">
      <Filter>01.OBJ\01.Player\00.PlayerStateManager\02.WalkState\00.heavy</Filter>
    </ClInclude>
    <ClInclude Include="StHjmpBodyR.h">
      <Filter>01.OBJ\01.Player\00.PlayerStateManager\04.JumpState\00.heavy</Filter>
    </ClInclude>
    <ClInclude Include="StHjmpBodyL.h">
      <Filter>01.OBJ\01.Player\00.PlayerStateManager\04.JumpState\00.heavy</Filter>
    </ClInclude>
    <ClInclude Include="SitdownHR.h">
      <Filter>01.OBJ\01.Player\00.PlayerStateManager\06.Sitdown\00.heavy</Filter>
    </ClInclude>
    <ClInclude Include="SitdownHL.h">
      <Filter>01.OBJ\01.Player\00.PlayerStateManager\06.Sitdown\00.heavy</Filter>
    </ClInclude>
    <ClInclude Include="StHAtkR.h">
      <Filter>01.OBJ\01.Player\00.PlayerStateManager\05.Attack\00.heavy</Filter>
    </ClInclude>
    <ClInclude Include="StHAtkL.h">
      <Filter>01.OBJ\01.Player\00.PlayerStateManager\05.Attack\00.heavy</Filter>
    </ClInclude>
    <ClInclude Include="StHupAtkR.h">
      <Filter>01.OBJ\01.Player\00.PlayerStateManager\05.Attack\00.heavy</Filter>
    </ClInclude>
    <ClInclude Include="StHupAtkL.h">
      <Filter>01.OBJ\01.Player\00.PlayerStateManager\05.Attack\00.heavy</Filter>
    </ClInclude>
    <ClInclude Include="Stdup.h">
      <Filter>01.OBJ\01.Player\00.PlayerStateManager\09.stdup</Filter>
    </ClInclude>
    <ClInclude Include="Explosion.h">
      <Filter>01.OBJ</Filter>
    </ClInclude>
    <ClInclude Include="Shotgun.h">
      <Filter>01.OBJ\05.Bullet</Filter>
    </ClInclude>
    <ClInclude Include="StHUatkR.h">
      <Filter>01.OBJ\01.Player\00.PlayerStateManager\05.Attack\00.heavy</Filter>
    </ClInclude>
  </ItemGroup>
  <ItemGroup>
    <ClCompile Include="stdafx.cpp">
      <Filter>99.default</Filter>
    </ClCompile>
    <ClCompile Include="Client.cpp">
      <Filter>99.default</Filter>
    </ClCompile>
    <ClCompile Include="MainGame.cpp">
      <Filter>00.Main</Filter>
    </ClCompile>
    <ClCompile Include="Obj.cpp">
      <Filter>01.OBJ</Filter>
    </ClCompile>
    <ClCompile Include="Player.cpp">
      <Filter>01.OBJ\01.Player</Filter>
    </ClCompile>
    <ClCompile Include="KeyManager.cpp">
      <Filter>97.Manager\01.KeyManager</Filter>
    </ClCompile>
    <ClCompile Include="ImageManager.cpp">
      <Filter>97.Manager\02.ImageManager</Filter>
    </ClCompile>
    <ClCompile Include="BackGround.cpp">
      <Filter>01.OBJ\00.BackGround</Filter>
    </ClCompile>
    <ClCompile Include="ObjManager.cpp">
      <Filter>97.Manager\04.MediatorPattern</Filter>
    </ClCompile>
    <ClCompile Include="StateManager.cpp">
      <Filter>01.OBJ\01.Player\00.PlayerStateManager</Filter>
    </ClCompile>
    <ClCompile Include="StateContext.cpp">
      <Filter>01.OBJ\01.Player\00.PlayerStateManager</Filter>
    </ClCompile>
    <ClCompile Include="CollisionManager.cpp">
      <Filter>97.Manager\06.CollisionManager</Filter>
    </ClCompile>
    <ClCompile Include="MathMgr.cpp">
      <Filter>97.Manager\07.MathManager</Filter>
    </ClCompile>
    <ClCompile Include="LineMgr.cpp">
      <Filter>97.Manager\08.LineManager</Filter>
    </ClCompile>
    <ClCompile Include="Line.cpp">
      <Filter>97.Manager\08.LineManager\00.Line</Filter>
    </ClCompile>
    <ClCompile Include="ScrollMgr.cpp">
      <Filter>97.Manager\09.ScrollManager</Filter>
    </ClCompile>
    <ClCompile Include="StdLeg.cpp">
      <Filter>01.OBJ\01.Player\00.PlayerStateManager\03.Leg</Filter>
    </ClCompile>
    <ClCompile Include="Mouse.cpp">
      <Filter>01.OBJ\02.Mouse</Filter>
    </ClCompile>
    <ClCompile Include="SceneMgr.cpp">
      <Filter>97.Manager\10.SceneManager</Filter>
    </ClCompile>
    <ClCompile Include="Scene.cpp">
      <Filter>97.Manager\10.SceneManager\01.Scene</Filter>
    </ClCompile>
    <ClCompile Include="Things.cpp">
      <Filter>01.OBJ\03.Things</Filter>
    </ClCompile>
    <ClCompile Include="Logo.cpp">
      <Filter>97.Manager\10.SceneManager\02.Logo</Filter>
    </ClCompile>
    <ClCompile Include="Select.cpp">
      <Filter>97.Manager\10.SceneManager\05.Selec</Filter>
    </ClCompile>
    <ClCompile Include="Stage_01.cpp">
      <Filter>97.Manager\10.SceneManager\06.Stage</Filter>
    </ClCompile>
    <ClCompile Include="StdLegLeft.cpp">
      <Filter>01.OBJ\01.Player\00.PlayerStateManager\03.Leg</Filter>
    </ClCompile>
    <ClCompile Include="StWalkBodyR.cpp">
      <Filter>01.OBJ\01.Player\00.PlayerStateManager\02.WalkState</Filter>
    </ClCompile>
    <ClCompile Include="StWalkBodyL.cpp">
      <Filter>01.OBJ\01.Player\00.PlayerStateManager\02.WalkState</Filter>
    </ClCompile>
    <ClCompile Include="Monster.cpp">
      <Filter>01.OBJ\04.Monster</Filter>
    </ClCompile>
    <ClCompile Include="JmpBodyL.cpp">
      <Filter>01.OBJ\01.Player\00.PlayerStateManager\04.JumpState</Filter>
    </ClCompile>
    <ClCompile Include="JmpBodyR.cpp">
      <Filter>01.OBJ\01.Player\00.PlayerStateManager\04.JumpState</Filter>
    </ClCompile>
    <ClCompile Include="StWalkLegL.cpp">
      <Filter>01.OBJ\01.Player\00.PlayerStateManager\02.WalkState</Filter>
    </ClCompile>
    <ClCompile Include="StWalkLegR.cpp">
      <Filter>01.OBJ\01.Player\00.PlayerStateManager\02.WalkState</Filter>
    </ClCompile>
    <ClCompile Include="JmpLegR.cpp">
      <Filter>01.OBJ\01.Player\00.PlayerStateManager\04.JumpState</Filter>
    </ClCompile>
    <ClCompile Include="JmpLegL.cpp">
      <Filter>01.OBJ\01.Player\00.PlayerStateManager\04.JumpState</Filter>
    </ClCompile>
    <ClCompile Include="StAtkBodyR.cpp">
      <Filter>01.OBJ\01.Player\00.PlayerStateManager\05.Attack</Filter>
    </ClCompile>
    <ClCompile Include="StAtkBodyL.cpp">
      <Filter>01.OBJ\01.Player\00.PlayerStateManager\05.Attack</Filter>
    </ClCompile>
    <ClCompile Include="Bullet.cpp">
      <Filter>01.OBJ\05.Bullet</Filter>
    </ClCompile>
    <ClCompile Include="Pattern.cpp">
      <Filter>97.Manager\05.PatternManager</Filter>
    </ClCompile>
    <ClCompile Include="StUpAtkBodyR.cpp">
      <Filter>01.OBJ\01.Player\00.PlayerStateManager\05.Attack</Filter>
    </ClCompile>
    <ClCompile Include="StUpAtkBodyL.cpp">
      <Filter>01.OBJ\01.Player\00.PlayerStateManager\05.Attack</Filter>
    </ClCompile>
    <ClCompile Include="Sitdown.cpp">
      <Filter>01.OBJ\01.Player\00.PlayerStateManager\06.Sitdown</Filter>
    </ClCompile>
    <ClCompile Include="Mline.cpp">
      <Filter>97.Manager\08.LineManager\01.Mline</Filter>
    </ClCompile>
    <ClCompile Include="MonsterKind.cpp">
      <Filter>01.OBJ\04.Monster\00.MonsterStateManager</Filter>
    </ClCompile>
    <ClCompile Include="BabarianBase.cpp">
      <Filter>01.OBJ\04.Monster\00.MonsterStateManager\00.Babarian</Filter>
    </ClCompile>
    <ClCompile Include="BerserkMboss.cpp">
      <Filter>01.OBJ\04.Monster\00.MonsterStateManager\01.BerserkMboss</Filter>
    </ClCompile>
    <ClCompile Include="Truck.cpp">
      <Filter>01.OBJ\04.Monster\00.MonsterStateManager\02.Truck</Filter>
    </ClCompile>
    <ClCompile Include="Basaka.cpp">
      <Filter>01.OBJ\04.Monster\00.MonsterStateManager\03.Bsk</Filter>
    </ClCompile>
    <ClCompile Include="SamBody.cpp">
      <Filter>01.OBJ\04.Monster\00.MonsterStateManager\04.SamBody</Filter>
    </ClCompile>
    <ClCompile Include="SamL.cpp">
      <Filter>01.OBJ\04.Monster\00.MonsterStateManager\04.SamBody\00.Left</Filter>
    </ClCompile>
    <ClCompile Include="SamSol.cpp">
      <Filter>01.OBJ\04.Monster\00.MonsterStateManager\04.SamBody\04.Soldier</Filter>
    </ClCompile>
    <ClCompile Include="SamD.cpp">
      <Filter>01.OBJ\04.Monster\00.MonsterStateManager\04.SamBody\03.door</Filter>
    </ClCompile>
    <ClCompile Include="SamR.cpp">
      <Filter>01.OBJ\04.Monster\00.MonsterStateManager\04.SamBody\01.right</Filter>
    </ClCompile>
    <ClCompile Include="SamC.cpp">
      <Filter>01.OBJ\04.Monster\00.MonsterStateManager\04.SamBody\02.center</Filter>
    </ClCompile>
    <ClCompile Include="SamBdoor.cpp">
      <Filter>01.OBJ\04.Monster\00.MonsterStateManager\04.SamBody\05.Effect</Filter>
    </ClCompile>
    <ClCompile Include="Hell.cpp">
      <Filter>01.OBJ\04.Monster\00.MonsterStateManager\05.hell</Filter>
    </ClCompile>
    <ClCompile Include="BossBody.cpp">
      <Filter>01.OBJ\04.Monster\00.MonsterStateManager\06.boss</Filter>
    </ClCompile>
    <ClCompile Include="BossL.cpp">
      <Filter>01.OBJ\04.Monster\00.MonsterStateManager\06.boss\00.left</Filter>
    </ClCompile>
    <ClCompile Include="BossR.cpp">
      <Filter>01.OBJ\04.Monster\00.MonsterStateManager\06.boss\01.right</Filter>
    </ClCompile>
    <ClCompile Include="BossT.cpp">
      <Filter>01.OBJ\04.Monster\00.MonsterStateManager\06.boss\02.top</Filter>
    </ClCompile>
    <ClCompile Include="Ending.cpp">
      <Filter>97.Manager\10.SceneManager\07.Ending</Filter>
    </ClCompile>
    <ClCompile Include="SoundMgr.cpp">
      <Filter>97.Manager\03.SoundManager</Filter>
    </ClCompile>
    <ClCompile Include="Load.cpp">
      <Filter>97.Manager\10.SceneManager\03.Load</Filter>
    </ClCompile>
    <ClCompile Include="UI.cpp">
      <Filter>01.OBJ\06.UI</Filter>
    </ClCompile>
    <ClCompile Include="SitdownAtk.cpp">
      <Filter>01.OBJ\01.Player\00.PlayerStateManager\06.Sitdown</Filter>
    </ClCompile>
    <ClCompile Include="SitdownL.cpp">
      <Filter>01.OBJ\01.Player\00.PlayerStateManager\06.Sitdown</Filter>
    </ClCompile>
    <ClCompile Include="SitdownMoveR.cpp">
      <Filter>01.OBJ\01.Player\00.PlayerStateManager\06.Sitdown</Filter>
    </ClCompile>
    <ClCompile Include="SitdownMoveL.cpp">
      <Filter>01.OBJ\01.Player\00.PlayerStateManager\06.Sitdown</Filter>
    </ClCompile>
    <ClCompile Include="SitdownAtkL.cpp">
      <Filter>01.OBJ\01.Player\00.PlayerStateManager\06.Sitdown</Filter>
    </ClCompile>
    <ClCompile Include="Bomb.cpp">
      <Filter>01.OBJ\05.Bullet</Filter>
    </ClCompile>
    <ClCompile Include="StdDie.cpp">
      <Filter>01.OBJ\01.Player\00.PlayerStateManager\07.die</Filter>
    </ClCompile>
    <ClCompile Include="Pick.cpp">
      <Filter>01.OBJ\01.Player\00.PlayerStateManager\08.pick</Filter>
    </ClCompile>
    <ClCompile Include="BombBodyL.cpp">
      <Filter>01.OBJ\01.Player\00.PlayerStateManager\00.StandState\01.base</Filter>
    </ClCompile>
    <ClCompile Include="BombBodyR.cpp">
      <Filter>01.OBJ\01.Player\00.PlayerStateManager\00.StandState\01.base</Filter>
    </ClCompile>
    <ClCompile Include="StBodyL.cpp">
      <Filter>01.OBJ\01.Player\00.PlayerStateManager\00.StandState\01.base</Filter>
    </ClCompile>
    <ClCompile Include="StBodyR.cpp">
      <Filter>01.OBJ\01.Player\00.PlayerStateManager\00.StandState\01.base</Filter>
    </ClCompile>
    <ClCompile Include="StUpBodyL.cpp">
      <Filter>01.OBJ\01.Player\00.PlayerStateManager\00.StandState\01.base</Filter>
    </ClCompile>
    <ClCompile Include="StUpBodyR.cpp">
      <Filter>01.OBJ\01.Player\00.PlayerStateManager\00.StandState\01.base</Filter>
    </ClCompile>
    <ClCompile Include="Item.cpp">
      <Filter>01.OBJ\07.ITEM</Filter>
    </ClCompile>
    <ClCompile Include="StHBodyR.cpp">
      <Filter>01.OBJ\01.Player\00.PlayerStateManager\00.StandState\00.heavy</Filter>
    </ClCompile>
    <ClCompile Include="StHBodyL.cpp">
      <Filter>01.OBJ\01.Player\00.PlayerStateManager\00.StandState\00.heavy</Filter>
    </ClCompile>
    <ClCompile Include="WlkHBodyR.cpp">
      <Filter>01.OBJ\01.Player\00.PlayerStateManager\02.WalkState\00.heavy</Filter>
    </ClCompile>
    <ClCompile Include="WlkHBodyL.cpp">
      <Filter>01.OBJ\01.Player\00.PlayerStateManager\02.WalkState\00.heavy</Filter>
    </ClCompile>
    <ClCompile Include="StHjmpBodyR.cpp">
      <Filter>01.OBJ\01.Player\00.PlayerStateManager\04.JumpState\00.heavy</Filter>
    </ClCompile>
    <ClCompile Include="StHjmpBodyL.cpp">
      <Filter>01.OBJ\01.Player\00.PlayerStateManager\04.JumpState\00.heavy</Filter>
    </ClCompile>
    <ClCompile Include="SitdownHR.cpp">
      <Filter>01.OBJ\01.Player\00.PlayerStateManager\06.Sitdown\00.heavy</Filter>
    </ClCompile>
    <ClCompile Include="SitdownHL.cpp">
      <Filter>01.OBJ\01.Player\00.PlayerStateManager\06.Sitdown\00.heavy</Filter>
    </ClCompile>
    <ClCompile Include="StHAtkR.cpp">
      <Filter>01.OBJ\01.Player\00.PlayerStateManager\05.Attack\00.heavy</Filter>
    </ClCompile>
    <ClCompile Include="StHAtkL.cpp">
      <Filter>01.OBJ\01.Player\00.PlayerStateManager\05.Attack\00.heavy</Filter>
    </ClCompile>
    <ClCompile Include="StHupAtkR.cpp">
      <Filter>01.OBJ\01.Player\00.PlayerStateManager\05.Attack\00.heavy</Filter>
    </ClCompile>
    <ClCompile Include="StHupAtkL.cpp">
      <Filter>01.OBJ\01.Player\00.PlayerStateManager\05.Attack\00.heavy</Filter>
    </ClCompile>
    <ClCompile Include="Stdup.cpp">
      <Filter>01.OBJ\01.Player\00.PlayerStateManager\09.stdup</Filter>
    </ClCompile>
    <ClCompile Include="Explosion.cpp">
      <Filter>01.OBJ</Filter>
    </ClCompile>
    <ClCompile Include="Shotgun.cpp">
      <Filter>01.OBJ\05.Bullet</Filter>
    </ClCompile>
    <ClCompile Include="StHUatkR.cpp">
      <Filter>01.OBJ\01.Player\00.PlayerStateManager\05.Attack\00.heavy</Filter>
    </ClCompile>
  </ItemGroup>
  <ItemGroup>
    <ResourceCompile Include="Client.rc">
      <Filter>리소스 파일</Filter>
    </ResourceCompile>
  </ItemGroup>
  <ItemGroup>
    <Image Include="small.ico">
      <Filter>리소스 파일</Filter>
    </Image>
    <Image Include="Client.ico">
      <Filter>리소스 파일</Filter>
    </Image>
  </ItemGroup>
</Project>